
Microsoft Visual Studio Solution File, Format Version 12.00
# Visual Studio 14
VisualStudioVersion = 14.0.25420.1
MinimumVisualStudioVersion = 10.0.40219.1
Project("{FAE04EC0-301F-11D3-BF4B-00C04F79EFBC}") = "PassPro.Entity.MySQL", "PassPro.Entity.MySQL\PassPro.Entity.MySQL.csproj", "{B6879FB7-BD7F-4DF8-9EA1-6129B2FF8F66}"
EndProject
Project("{FAE04EC0-301F-11D3-BF4B-00C04F79EFBC}") = "PassPro.Common", "PassPro.Common\PassPro.Common.csproj", "{812A83B4-11A2-4AEF-96B1-267F838373EB}"
EndProject
Project("{FAE04EC0-301F-11D3-BF4B-00C04F79EFBC}") = "PassPro.Business", "PassPro.Business\PassPro.Business.csproj", "{F85AC60F-4C89-45DA-9103-67F423548B2B}"
EndProject
Project("{FAE04EC0-301F-11D3-BF4B-00C04F79EFBC}") = "PassPro.Web", "PassPro.Web\PassPro.Web.csproj", "{E0F1832F-789A-4BF9-B33F-79821D3F6EBA}"
EndProject
Global
	GlobalSection(SolutionConfigurationPlatforms) = preSolution
		Debug|Any CPU = Debug|Any CPU
		Release|Any CPU = Release|Any CPU
	EndGlobalSection
	GlobalSection(ProjectConfigurationPlatforms) = postSolution
		{B6879FB7-BD7F-4DF8-9EA1-6129B2FF8F66}.Debug|Any CPU.ActiveCfg = Debug|Any CPU
		{B6879FB7-BD7F-4DF8-9EA1-6129B2FF8F66}.Debug|Any CPU.Build.0 = Debug|Any CPU
		{B6879FB7-BD7F-4DF8-9EA1-6129B2FF8F66}.Release|Any CPU.ActiveCfg = Release|Any CPU
		{B6879FB7-BD7F-4DF8-9EA1-6129B2FF8F66}.Release|Any CPU.Build.0 = Release|Any CPU
		{812A83B4-11A2-4AEF-96B1-267F838373EB}.Debug|Any CPU.ActiveCfg = Debug|Any CPU
		{812A83B4-11A2-4AEF-96B1-267F838373EB}.Debug|Any CPU.Build.0 = Debug|Any CPU
		{812A83B4-11A2-4AEF-96B1-267F838373EB}.Release|Any CPU.ActiveCfg = Release|Any CPU
		{812A83B4-11A2-4AEF-96B1-267F838373EB}.Release|Any CPU.Build.0 = Release|Any CPU
		{F85AC60F-4C89-45DA-9103-67F423548B2B}.Debug|Any CPU.ActiveCfg = Debug|Any CPU
		{F85AC60F-4C89-45DA-9103-67F423548B2B}.Debug|Any CPU.Build.0 = Debug|Any CPU
		{F85AC60F-4C89-45DA-9103-67F423548B2B}.Release|Any CPU.ActiveCfg = Release|Any CPU
		{F85AC60F-4C89-45DA-9103-67F423548B2B}.Release|Any CPU.Build.0 = Release|Any CPU
		{E0F1832F-789A-4BF9-B33F-79821D3F6EBA}.Debug|Any CPU.ActiveCfg = Debug|Any CPU
		{E0F1832F-789A-4BF9-B33F-79821D3F6EBA}.Debug|Any CPU.Build.0 = Debug|Any CPU
		{E0F1832F-789A-4BF9-B33F-79821D3F6EBA}.Release|Any CPU.ActiveCfg = Release|Any CPU
		{E0F1832F-789A-4BF9-B33F-79821D3F6EBA}.Release|Any CPU.Build.0 = Release|Any CPU
	EndGlobalSection
	GlobalSection(SolutionProperties) = preSolution
		HideSolutionNode = FALSE
	EndGlobalSection
EndGlobal
